
Microsoft Visual Studio Solution File, Format Version 12.00
# Visual Studio 15
VisualStudioVersion = 15.0.26403.0
MinimumVisualStudioVersion = 10.0.40219.1
Project("{FAE04EC0-301F-11D3-BF4B-00C04F79EFBC}") = "TestApp.Android", "TestApp\TestApp.Android\TestApp.Android.csproj", "{8B5187C9-EBFA-448A-B2D5-48D31AE50150}"
EndProject
Project("{FAE04EC0-301F-11D3-BF4B-00C04F79EFBC}") = "TestApp", "TestApp\TestApp\TestApp.csproj", "{6220ABDE-30D7-459C-BFEB-9C8AC2214BF2}"
EndProject
Project("{FAE04EC0-301F-11D3-BF4B-00C04F79EFBC}") = "TestApp.iOS", "TestApp\TestApp.iOS\TestApp.iOS.csproj", "{124251EE-564B-4D79-8FE5-D6C0B85474E0}"
EndProject
Project("{FAE04EC0-301F-11D3-BF4B-00C04F79EFBC}") = "TestApp.UWP", "TestApp.UWP\TestApp.UWP.csproj", "{408B4109-BD2A-4E7C-8C4D-C7EEDFF203FB}"
EndProject
Project("{2150E333-8FDC-42A3-9474-1A3956D46DE8}") = "Core", "Core", "{6DFD8834-F8F8-4257-88A4-BE2242286A0B}"
EndProject
Project("{2150E333-8FDC-42A3-9474-1A3956D46DE8}") = "UI", "UI", "{AAC1B13A-A20D-4697-8713-1987EBFC070A}"
EndProject
Project("{FAE04EC0-301F-11D3-BF4B-00C04F79EFBC}") = "AppName.Core", "AppName.Core\AppName.Core.csproj", "{F417021D-B9D7-4DEE-92E4-6297B644039A}"
EndProject
Global
	GlobalSection(SolutionConfigurationPlatforms) = preSolution
		Ad-Hoc|Any CPU = Ad-Hoc|Any CPU
		Ad-Hoc|ARM = Ad-Hoc|ARM
		Ad-Hoc|iPhone = Ad-Hoc|iPhone
		Ad-Hoc|iPhoneSimulator = Ad-Hoc|iPhoneSimulator
		Ad-Hoc|x64 = Ad-Hoc|x64
		Ad-Hoc|x86 = Ad-Hoc|x86
		AppStore|Any CPU = AppStore|Any CPU
		AppStore|ARM = AppStore|ARM
		AppStore|iPhone = AppStore|iPhone
		AppStore|iPhoneSimulator = AppStore|iPhoneSimulator
		AppStore|x64 = AppStore|x64
		AppStore|x86 = AppStore|x86
		Debug|Any CPU = Debug|Any CPU
		Debug|ARM = Debug|ARM
		Debug|iPhone = Debug|iPhone
		Debug|iPhoneSimulator = Debug|iPhoneSimulator
		Debug|x64 = Debug|x64
		Debug|x86 = Debug|x86
		Release|Any CPU = Release|Any CPU
		Release|ARM = Release|ARM
		Release|iPhone = Release|iPhone
		Release|iPhoneSimulator = Release|iPhoneSimulator
		Release|x64 = Release|x64
		Release|x86 = Release|x86
	EndGlobalSection
	GlobalSection(ProjectConfigurationPlatforms) = postSolution
		{8B5187C9-EBFA-448A-B2D5-48D31AE50150}.Ad-Hoc|Any CPU.ActiveCfg = Release|Any CPU
		{8B5187C9-EBFA-448A-B2D5-48D31AE50150}.Ad-Hoc|Any CPU.Build.0 = Release|Any CPU
		{8B5187C9-EBFA-448A-B2D5-48D31AE50150}.Ad-Hoc|Any CPU.Deploy.0 = Release|Any CPU
		{8B5187C9-EBFA-448A-B2D5-48D31AE50150}.Ad-Hoc|ARM.ActiveCfg = Release|Any CPU
		{8B5187C9-EBFA-448A-B2D5-48D31AE50150}.Ad-Hoc|ARM.Build.0 = Release|Any CPU
		{8B5187C9-EBFA-448A-B2D5-48D31AE50150}.Ad-Hoc|ARM.Deploy.0 = Release|Any CPU
		{8B5187C9-EBFA-448A-B2D5-48D31AE50150}.Ad-Hoc|iPhone.ActiveCfg = Release|Any CPU
		{8B5187C9-EBFA-448A-B2D5-48D31AE50150}.Ad-Hoc|iPhone.Build.0 = Release|Any CPU
		{8B5187C9-EBFA-448A-B2D5-48D31AE50150}.Ad-Hoc|iPhone.Deploy.0 = Release|Any CPU
		{8B5187C9-EBFA-448A-B2D5-48D31AE50150}.Ad-Hoc|iPhoneSimulator.ActiveCfg = Release|Any CPU
		{8B5187C9-EBFA-448A-B2D5-48D31AE50150}.Ad-Hoc|iPhoneSimulator.Build.0 = Release|Any CPU
		{8B5187C9-EBFA-448A-B2D5-48D31AE50150}.Ad-Hoc|iPhoneSimulator.Deploy.0 = Release|Any CPU
		{8B5187C9-EBFA-448A-B2D5-48D31AE50150}.Ad-Hoc|x64.ActiveCfg = Release|Any CPU
		{8B5187C9-EBFA-448A-B2D5-48D31AE50150}.Ad-Hoc|x64.Build.0 = Release|Any CPU
		{8B5187C9-EBFA-448A-B2D5-48D31AE50150}.Ad-Hoc|x64.Deploy.0 = Release|Any CPU
		{8B5187C9-EBFA-448A-B2D5-48D31AE50150}.Ad-Hoc|x86.ActiveCfg = Release|Any CPU
		{8B5187C9-EBFA-448A-B2D5-48D31AE50150}.Ad-Hoc|x86.Build.0 = Release|Any CPU
		{8B5187C9-EBFA-448A-B2D5-48D31AE50150}.Ad-Hoc|x86.Deploy.0 = Release|Any CPU
		{8B5187C9-EBFA-448A-B2D5-48D31AE50150}.AppStore|Any CPU.ActiveCfg = Release|Any CPU
		{8B5187C9-EBFA-448A-B2D5-48D31AE50150}.AppStore|Any CPU.Build.0 = Release|Any CPU
		{8B5187C9-EBFA-448A-B2D5-48D31AE50150}.AppStore|Any CPU.Deploy.0 = Release|Any CPU
		{8B5187C9-EBFA-448A-B2D5-48D31AE50150}.AppStore|ARM.ActiveCfg = Release|Any CPU
		{8B5187C9-EBFA-448A-B2D5-48D31AE50150}.AppStore|ARM.Build.0 = Release|Any CPU
		{8B5187C9-EBFA-448A-B2D5-48D31AE50150}.AppStore|ARM.Deploy.0 = Release|Any CPU
		{8B5187C9-EBFA-448A-B2D5-48D31AE50150}.AppStore|iPhone.ActiveCfg = Release|Any CPU
		{8B5187C9-EBFA-448A-B2D5-48D31AE50150}.AppStore|iPhone.Build.0 = Release|Any CPU
		{8B5187C9-EBFA-448A-B2D5-48D31AE50150}.AppStore|iPhone.Deploy.0 = Release|Any CPU
		{8B5187C9-EBFA-448A-B2D5-48D31AE50150}.AppStore|iPhoneSimulator.ActiveCfg = Release|Any CPU
		{8B5187C9-EBFA-448A-B2D5-48D31AE50150}.AppStore|iPhoneSimulator.Build.0 = Release|Any CPU
		{8B5187C9-EBFA-448A-B2D5-48D31AE50150}.AppStore|iPhoneSimulator.Deploy.0 = Release|Any CPU
		{8B5187C9-EBFA-448A-B2D5-48D31AE50150}.AppStore|x64.ActiveCfg = Release|Any CPU
		{8B5187C9-EBFA-448A-B2D5-48D31AE50150}.AppStore|x64.Build.0 = Release|Any CPU
		{8B5187C9-EBFA-448A-B2D5-48D31AE50150}.AppStore|x64.Deploy.0 = Release|Any CPU
		{8B5187C9-EBFA-448A-B2D5-48D31AE50150}.AppStore|x86.ActiveCfg = Release|Any CPU
		{8B5187C9-EBFA-448A-B2D5-48D31AE50150}.AppStore|x86.Build.0 = Release|Any CPU
		{8B5187C9-EBFA-448A-B2D5-48D31AE50150}.AppStore|x86.Deploy.0 = Release|Any CPU
		{8B5187C9-EBFA-448A-B2D5-48D31AE50150}.Debug|Any CPU.ActiveCfg = Debug|Any CPU
		{8B5187C9-EBFA-448A-B2D5-48D31AE50150}.Debug|Any CPU.Build.0 = Debug|Any CPU
		{8B5187C9-EBFA-448A-B2D5-48D31AE50150}.Debug|Any CPU.Deploy.0 = Debug|Any CPU
		{8B5187C9-EBFA-448A-B2D5-48D31AE50150}.Debug|ARM.ActiveCfg = Debug|Any CPU
		{8B5187C9-EBFA-448A-B2D5-48D31AE50150}.Debug|ARM.Build.0 = Debug|Any CPU
		{8B5187C9-EBFA-448A-B2D5-48D31AE50150}.Debug|ARM.Deploy.0 = Debug|Any CPU
		{8B5187C9-EBFA-448A-B2D5-48D31AE50150}.Debug|iPhone.ActiveCfg = Debug|Any CPU
		{8B5187C9-EBFA-448A-B2D5-48D31AE50150}.Debug|iPhone.Build.0 = Debug|Any CPU
		{8B5187C9-EBFA-448A-B2D5-48D31AE50150}.Debug|iPhone.Deploy.0 = Debug|Any CPU
		{8B5187C9-EBFA-448A-B2D5-48D31AE50150}.Debug|iPhoneSimulator.ActiveCfg = Debug|Any CPU
		{8B5187C9-EBFA-448A-B2D5-48D31AE50150}.Debug|iPhoneSimulator.Build.0 = Debug|Any CPU
		{8B5187C9-EBFA-448A-B2D5-48D31AE50150}.Debug|iPhoneSimulator.Deploy.0 = Debug|Any CPU
		{8B5187C9-EBFA-448A-B2D5-48D31AE50150}.Debug|x64.ActiveCfg = Debug|Any CPU
		{8B5187C9-EBFA-448A-B2D5-48D31AE50150}.Debug|x64.Build.0 = Debug|Any CPU
		{8B5187C9-EBFA-448A-B2D5-48D31AE50150}.Debug|x64.Deploy.0 = Debug|Any CPU
		{8B5187C9-EBFA-448A-B2D5-48D31AE50150}.Debug|x86.ActiveCfg = Debug|Any CPU
		{8B5187C9-EBFA-448A-B2D5-48D31AE50150}.Debug|x86.Build.0 = Debug|Any CPU
		{8B5187C9-EBFA-448A-B2D5-48D31AE50150}.Debug|x86.Deploy.0 = Debug|Any CPU
		{8B5187C9-EBFA-448A-B2D5-48D31AE50150}.Release|Any CPU.ActiveCfg = Release|Any CPU
		{8B5187C9-EBFA-448A-B2D5-48D31AE50150}.Release|Any CPU.Build.0 = Release|Any CPU
		{8B5187C9-EBFA-448A-B2D5-48D31AE50150}.Release|Any CPU.Deploy.0 = Release|Any CPU
		{8B5187C9-EBFA-448A-B2D5-48D31AE50150}.Release|ARM.ActiveCfg = Release|Any CPU
		{8B5187C9-EBFA-448A-B2D5-48D31AE50150}.Release|ARM.Build.0 = Release|Any CPU
		{8B5187C9-EBFA-448A-B2D5-48D31AE50150}.Release|ARM.Deploy.0 = Release|Any CPU
		{8B5187C9-EBFA-448A-B2D5-48D31AE50150}.Release|iPhone.ActiveCfg = Release|Any CPU
		{8B5187C9-EBFA-448A-B2D5-48D31AE50150}.Release|iPhone.Build.0 = Release|Any CPU
		{8B5187C9-EBFA-448A-B2D5-48D31AE50150}.Release|iPhone.Deploy.0 = Release|Any CPU
		{8B5187C9-EBFA-448A-B2D5-48D31AE50150}.Release|iPhoneSimulator.ActiveCfg = Release|Any CPU
		{8B5187C9-EBFA-448A-B2D5-48D31AE50150}.Release|iPhoneSimulator.Build.0 = Release|Any CPU
		{8B5187C9-EBFA-448A-B2D5-48D31AE50150}.Release|iPhoneSimulator.Deploy.0 = Release|Any CPU
		{8B5187C9-EBFA-448A-B2D5-48D31AE50150}.Release|x64.ActiveCfg = Release|Any CPU
		{8B5187C9-EBFA-448A-B2D5-48D31AE50150}.Release|x64.Build.0 = Release|Any CPU
		{8B5187C9-EBFA-448A-B2D5-48D31AE50150}.Release|x64.Deploy.0 = Release|Any CPU
		{8B5187C9-EBFA-448A-B2D5-48D31AE50150}.Release|x86.ActiveCfg = Release|Any CPU
		{8B5187C9-EBFA-448A-B2D5-48D31AE50150}.Release|x86.Build.0 = Release|Any CPU
		{8B5187C9-EBFA-448A-B2D5-48D31AE50150}.Release|x86.Deploy.0 = Release|Any CPU
		{6220ABDE-30D7-459C-BFEB-9C8AC2214BF2}.Ad-Hoc|Any CPU.ActiveCfg = Release|Any CPU
		{6220ABDE-30D7-459C-BFEB-9C8AC2214BF2}.Ad-Hoc|Any CPU.Build.0 = Release|Any CPU
		{6220ABDE-30D7-459C-BFEB-9C8AC2214BF2}.Ad-Hoc|ARM.ActiveCfg = Release|Any CPU
		{6220ABDE-30D7-459C-BFEB-9C8AC2214BF2}.Ad-Hoc|ARM.Build.0 = Release|Any CPU
		{6220ABDE-30D7-459C-BFEB-9C8AC2214BF2}.Ad-Hoc|iPhone.ActiveCfg = Release|Any CPU
		{6220ABDE-30D7-459C-BFEB-9C8AC2214BF2}.Ad-Hoc|iPhone.Build.0 = Release|Any CPU
		{6220ABDE-30D7-459C-BFEB-9C8AC2214BF2}.Ad-Hoc|iPhoneSimulator.ActiveCfg = Release|Any CPU
		{6220ABDE-30D7-459C-BFEB-9C8AC2214BF2}.Ad-Hoc|iPhoneSimulator.Build.0 = Release|Any CPU
		{6220ABDE-30D7-459C-BFEB-9C8AC2214BF2}.Ad-Hoc|x64.ActiveCfg = Release|Any CPU
		{6220ABDE-30D7-459C-BFEB-9C8AC2214BF2}.Ad-Hoc|x64.Build.0 = Release|Any CPU
		{6220ABDE-30D7-459C-BFEB-9C8AC2214BF2}.Ad-Hoc|x86.ActiveCfg = Release|Any CPU
		{6220ABDE-30D7-459C-BFEB-9C8AC2214BF2}.Ad-Hoc|x86.Build.0 = Release|Any CPU
		{6220ABDE-30D7-459C-BFEB-9C8AC2214BF2}.AppStore|Any CPU.ActiveCfg = Release|Any CPU
		{6220ABDE-30D7-459C-BFEB-9C8AC2214BF2}.AppStore|Any CPU.Build.0 = Release|Any CPU
		{6220ABDE-30D7-459C-BFEB-9C8AC2214BF2}.AppStore|ARM.ActiveCfg = Release|Any CPU
		{6220ABDE-30D7-459C-BFEB-9C8AC2214BF2}.AppStore|ARM.Build.0 = Release|Any CPU
		{6220ABDE-30D7-459C-BFEB-9C8AC2214BF2}.AppStore|iPhone.ActiveCfg = Release|Any CPU
		{6220ABDE-30D7-459C-BFEB-9C8AC2214BF2}.AppStore|iPhone.Build.0 = Release|Any CPU
		{6220ABDE-30D7-459C-BFEB-9C8AC2214BF2}.AppStore|iPhoneSimulator.ActiveCfg = Release|Any CPU
		{6220ABDE-30D7-459C-BFEB-9C8AC2214BF2}.AppStore|iPhoneSimulator.Build.0 = Release|Any CPU
		{6220ABDE-30D7-459C-BFEB-9C8AC2214BF2}.AppStore|x64.ActiveCfg = Release|Any CPU
		{6220ABDE-30D7-459C-BFEB-9C8AC2214BF2}.AppStore|x64.Build.0 = Release|Any CPU
		{6220ABDE-30D7-459C-BFEB-9C8AC2214BF2}.AppStore|x86.ActiveCfg = Release|Any CPU
		{6220ABDE-30D7-459C-BFEB-9C8AC2214BF2}.AppStore|x86.Build.0 = Release|Any CPU
		{6220ABDE-30D7-459C-BFEB-9C8AC2214BF2}.Debug|Any CPU.ActiveCfg = Debug|Any CPU
		{6220ABDE-30D7-459C-BFEB-9C8AC2214BF2}.Debug|Any CPU.Build.0 = Debug|Any CPU
		{6220ABDE-30D7-459C-BFEB-9C8AC2214BF2}.Debug|ARM.ActiveCfg = Debug|Any CPU
		{6220ABDE-30D7-459C-BFEB-9C8AC2214BF2}.Debug|ARM.Build.0 = Debug|Any CPU
		{6220ABDE-30D7-459C-BFEB-9C8AC2214BF2}.Debug|iPhone.ActiveCfg = Debug|Any CPU
		{6220ABDE-30D7-459C-BFEB-9C8AC2214BF2}.Debug|iPhone.Build.0 = Debug|Any CPU
		{6220ABDE-30D7-459C-BFEB-9C8AC2214BF2}.Debug|iPhoneSimulator.ActiveCfg = Debug|Any CPU
		{6220ABDE-30D7-459C-BFEB-9C8AC2214BF2}.Debug|iPhoneSimulator.Build.0 = Debug|Any CPU
		{6220ABDE-30D7-459C-BFEB-9C8AC2214BF2}.Debug|x64.ActiveCfg = Debug|Any CPU
		{6220ABDE-30D7-459C-BFEB-9C8AC2214BF2}.Debug|x64.Build.0 = Debug|Any CPU
		{6220ABDE-30D7-459C-BFEB-9C8AC2214BF2}.Debug|x86.ActiveCfg = Debug|Any CPU
		{6220ABDE-30D7-459C-BFEB-9C8AC2214BF2}.Debug|x86.Build.0 = Debug|Any CPU
		{6220ABDE-30D7-459C-BFEB-9C8AC2214BF2}.Release|Any CPU.ActiveCfg = Release|Any CPU
		{6220ABDE-30D7-459C-BFEB-9C8AC2214BF2}.Release|Any CPU.Build.0 = Release|Any CPU
		{6220ABDE-30D7-459C-BFEB-9C8AC2214BF2}.Release|ARM.ActiveCfg = Release|Any CPU
		{6220ABDE-30D7-459C-BFEB-9C8AC2214BF2}.Release|ARM.Build.0 = Release|Any CPU
		{6220ABDE-30D7-459C-BFEB-9C8AC2214BF2}.Release|iPhone.ActiveCfg = Release|Any CPU
		{6220ABDE-30D7-459C-BFEB-9C8AC2214BF2}.Release|iPhone.Build.0 = Release|Any CPU
		{6220ABDE-30D7-459C-BFEB-9C8AC2214BF2}.Release|iPhoneSimulator.ActiveCfg = Release|Any CPU
		{6220ABDE-30D7-459C-BFEB-9C8AC2214BF2}.Release|iPhoneSimulator.Build.0 = Release|Any CPU
		{6220ABDE-30D7-459C-BFEB-9C8AC2214BF2}.Release|x64.ActiveCfg = Release|Any CPU
		{6220ABDE-30D7-459C-BFEB-9C8AC2214BF2}.Release|x64.Build.0 = Release|Any CPU
		{6220ABDE-30D7-459C-BFEB-9C8AC2214BF2}.Release|x86.ActiveCfg = Release|Any CPU
		{6220ABDE-30D7-459C-BFEB-9C8AC2214BF2}.Release|x86.Build.0 = Release|Any CPU
		{124251EE-564B-4D79-8FE5-D6C0B85474E0}.Ad-Hoc|Any CPU.ActiveCfg = Ad-Hoc|iPhone
		{124251EE-564B-4D79-8FE5-D6C0B85474E0}.Ad-Hoc|ARM.ActiveCfg = Ad-Hoc|iPhone
		{124251EE-564B-4D79-8FE5-D6C0B85474E0}.Ad-Hoc|iPhone.ActiveCfg = Ad-Hoc|iPhone
		{124251EE-564B-4D79-8FE5-D6C0B85474E0}.Ad-Hoc|iPhone.Build.0 = Ad-Hoc|iPhone
		{124251EE-564B-4D79-8FE5-D6C0B85474E0}.Ad-Hoc|iPhoneSimulator.ActiveCfg = Ad-Hoc|iPhoneSimulator
		{124251EE-564B-4D79-8FE5-D6C0B85474E0}.Ad-Hoc|iPhoneSimulator.Build.0 = Ad-Hoc|iPhoneSimulator
		{124251EE-564B-4D79-8FE5-D6C0B85474E0}.Ad-Hoc|x64.ActiveCfg = Ad-Hoc|iPhone
		{124251EE-564B-4D79-8FE5-D6C0B85474E0}.Ad-Hoc|x86.ActiveCfg = Ad-Hoc|iPhone
		{124251EE-564B-4D79-8FE5-D6C0B85474E0}.AppStore|Any CPU.ActiveCfg = AppStore|iPhone
		{124251EE-564B-4D79-8FE5-D6C0B85474E0}.AppStore|ARM.ActiveCfg = AppStore|iPhone
		{124251EE-564B-4D79-8FE5-D6C0B85474E0}.AppStore|iPhone.ActiveCfg = AppStore|iPhone
		{124251EE-564B-4D79-8FE5-D6C0B85474E0}.AppStore|iPhone.Build.0 = AppStore|iPhone
		{124251EE-564B-4D79-8FE5-D6C0B85474E0}.AppStore|iPhoneSimulator.ActiveCfg = AppStore|iPhoneSimulator
		{124251EE-564B-4D79-8FE5-D6C0B85474E0}.AppStore|iPhoneSimulator.Build.0 = AppStore|iPhoneSimulator
		{124251EE-564B-4D79-8FE5-D6C0B85474E0}.AppStore|x64.ActiveCfg = AppStore|iPhone
		{124251EE-564B-4D79-8FE5-D6C0B85474E0}.AppStore|x86.ActiveCfg = AppStore|iPhone
		{124251EE-564B-4D79-8FE5-D6C0B85474E0}.Debug|Any CPU.ActiveCfg = Debug|iPhone
		{124251EE-564B-4D79-8FE5-D6C0B85474E0}.Debug|ARM.ActiveCfg = Debug|iPhone
		{124251EE-564B-4D79-8FE5-D6C0B85474E0}.Debug|iPhone.ActiveCfg = Debug|iPhone
		{124251EE-564B-4D79-8FE5-D6C0B85474E0}.Debug|iPhone.Build.0 = Debug|iPhone
		{124251EE-564B-4D79-8FE5-D6C0B85474E0}.Debug|iPhoneSimulator.ActiveCfg = Debug|iPhoneSimulator
		{124251EE-564B-4D79-8FE5-D6C0B85474E0}.Debug|iPhoneSimulator.Build.0 = Debug|iPhoneSimulator
		{124251EE-564B-4D79-8FE5-D6C0B85474E0}.Debug|x64.ActiveCfg = Debug|iPhone
		{124251EE-564B-4D79-8FE5-D6C0B85474E0}.Debug|x86.ActiveCfg = Debug|iPhone
		{124251EE-564B-4D79-8FE5-D6C0B85474E0}.Release|Any CPU.ActiveCfg = Release|iPhone
		{124251EE-564B-4D79-8FE5-D6C0B85474E0}.Release|ARM.ActiveCfg = Release|iPhone
		{124251EE-564B-4D79-8FE5-D6C0B85474E0}.Release|iPhone.ActiveCfg = Release|iPhone
		{124251EE-564B-4D79-8FE5-D6C0B85474E0}.Release|iPhone.Build.0 = Release|iPhone
		{124251EE-564B-4D79-8FE5-D6C0B85474E0}.Release|iPhoneSimulator.ActiveCfg = Release|iPhoneSimulator
		{124251EE-564B-4D79-8FE5-D6C0B85474E0}.Release|iPhoneSimulator.Build.0 = Release|iPhoneSimulator
		{124251EE-564B-4D79-8FE5-D6C0B85474E0}.Release|x64.ActiveCfg = Release|iPhone
		{124251EE-564B-4D79-8FE5-D6C0B85474E0}.Release|x86.ActiveCfg = Release|iPhone
		{408B4109-BD2A-4E7C-8C4D-C7EEDFF203FB}.Ad-Hoc|Any CPU.ActiveCfg = Release|x64
		{408B4109-BD2A-4E7C-8C4D-C7EEDFF203FB}.Ad-Hoc|Any CPU.Build.0 = Release|x64
		{408B4109-BD2A-4E7C-8C4D-C7EEDFF203FB}.Ad-Hoc|Any CPU.Deploy.0 = Release|x64
		{408B4109-BD2A-4E7C-8C4D-C7EEDFF203FB}.Ad-Hoc|ARM.ActiveCfg = Release|ARM
		{408B4109-BD2A-4E7C-8C4D-C7EEDFF203FB}.Ad-Hoc|ARM.Build.0 = Release|ARM
		{408B4109-BD2A-4E7C-8C4D-C7EEDFF203FB}.Ad-Hoc|ARM.Deploy.0 = Release|ARM
		{408B4109-BD2A-4E7C-8C4D-C7EEDFF203FB}.Ad-Hoc|iPhone.ActiveCfg = Release|x64
		{408B4109-BD2A-4E7C-8C4D-C7EEDFF203FB}.Ad-Hoc|iPhone.Build.0 = Release|x64
		{408B4109-BD2A-4E7C-8C4D-C7EEDFF203FB}.Ad-Hoc|iPhone.Deploy.0 = Release|x64
		{408B4109-BD2A-4E7C-8C4D-C7EEDFF203FB}.Ad-Hoc|iPhoneSimulator.ActiveCfg = Release|x64
		{408B4109-BD2A-4E7C-8C4D-C7EEDFF203FB}.Ad-Hoc|iPhoneSimulator.Build.0 = Release|x64
		{408B4109-BD2A-4E7C-8C4D-C7EEDFF203FB}.Ad-Hoc|iPhoneSimulator.Deploy.0 = Release|x64
		{408B4109-BD2A-4E7C-8C4D-C7EEDFF203FB}.Ad-Hoc|x64.ActiveCfg = Release|x64
		{408B4109-BD2A-4E7C-8C4D-C7EEDFF203FB}.Ad-Hoc|x64.Build.0 = Release|x64
		{408B4109-BD2A-4E7C-8C4D-C7EEDFF203FB}.Ad-Hoc|x64.Deploy.0 = Release|x64
		{408B4109-BD2A-4E7C-8C4D-C7EEDFF203FB}.Ad-Hoc|x86.ActiveCfg = Release|x86
		{408B4109-BD2A-4E7C-8C4D-C7EEDFF203FB}.Ad-Hoc|x86.Build.0 = Release|x86
		{408B4109-BD2A-4E7C-8C4D-C7EEDFF203FB}.Ad-Hoc|x86.Deploy.0 = Release|x86
		{408B4109-BD2A-4E7C-8C4D-C7EEDFF203FB}.AppStore|Any CPU.ActiveCfg = Release|x64
		{408B4109-BD2A-4E7C-8C4D-C7EEDFF203FB}.AppStore|Any CPU.Build.0 = Release|x64
		{408B4109-BD2A-4E7C-8C4D-C7EEDFF203FB}.AppStore|Any CPU.Deploy.0 = Release|x64
		{408B4109-BD2A-4E7C-8C4D-C7EEDFF203FB}.AppStore|ARM.ActiveCfg = Release|ARM
		{408B4109-BD2A-4E7C-8C4D-C7EEDFF203FB}.AppStore|ARM.Build.0 = Release|ARM
		{408B4109-BD2A-4E7C-8C4D-C7EEDFF203FB}.AppStore|ARM.Deploy.0 = Release|ARM
		{408B4109-BD2A-4E7C-8C4D-C7EEDFF203FB}.AppStore|iPhone.ActiveCfg = Release|x64
		{408B4109-BD2A-4E7C-8C4D-C7EEDFF203FB}.AppStore|iPhone.Build.0 = Release|x64
		{408B4109-BD2A-4E7C-8C4D-C7EEDFF203FB}.AppStore|iPhone.Deploy.0 = Release|x64
		{408B4109-BD2A-4E7C-8C4D-C7EEDFF203FB}.AppStore|iPhoneSimulator.ActiveCfg = Release|x64
		{408B4109-BD2A-4E7C-8C4D-C7EEDFF203FB}.AppStore|iPhoneSimulator.Build.0 = Release|x64
		{408B4109-BD2A-4E7C-8C4D-C7EEDFF203FB}.AppStore|iPhoneSimulator.Deploy.0 = Release|x64
		{408B4109-BD2A-4E7C-8C4D-C7EEDFF203FB}.AppStore|x64.ActiveCfg = Release|x64
		{408B4109-BD2A-4E7C-8C4D-C7EEDFF203FB}.AppStore|x64.Build.0 = Release|x64
		{408B4109-BD2A-4E7C-8C4D-C7EEDFF203FB}.AppStore|x64.Deploy.0 = Release|x64
		{408B4109-BD2A-4E7C-8C4D-C7EEDFF203FB}.AppStore|x86.ActiveCfg = Release|x86
		{408B4109-BD2A-4E7C-8C4D-C7EEDFF203FB}.AppStore|x86.Build.0 = Release|x86
		{408B4109-BD2A-4E7C-8C4D-C7EEDFF203FB}.AppStore|x86.Deploy.0 = Release|x86
		{408B4109-BD2A-4E7C-8C4D-C7EEDFF203FB}.Debug|Any CPU.ActiveCfg = Debug|x86
		{408B4109-BD2A-4E7C-8C4D-C7EEDFF203FB}.Debug|Any CPU.Build.0 = Debug|x86
		{408B4109-BD2A-4E7C-8C4D-C7EEDFF203FB}.Debug|Any CPU.Deploy.0 = Debug|x86
		{408B4109-BD2A-4E7C-8C4D-C7EEDFF203FB}.Debug|ARM.ActiveCfg = Debug|ARM
		{408B4109-BD2A-4E7C-8C4D-C7EEDFF203FB}.Debug|ARM.Build.0 = Debug|ARM
		{408B4109-BD2A-4E7C-8C4D-C7EEDFF203FB}.Debug|ARM.Deploy.0 = Debug|ARM
		{408B4109-BD2A-4E7C-8C4D-C7EEDFF203FB}.Debug|iPhone.ActiveCfg = Debug|x86
		{408B4109-BD2A-4E7C-8C4D-C7EEDFF203FB}.Debug|iPhoneSimulator.ActiveCfg = Debug|x86
		{408B4109-BD2A-4E7C-8C4D-C7EEDFF203FB}.Debug|x64.ActiveCfg = Debug|x64
		{408B4109-BD2A-4E7C-8C4D-C7EEDFF203FB}.Debug|x64.Build.0 = Debug|x64
		{408B4109-BD2A-4E7C-8C4D-C7EEDFF203FB}.Debug|x64.Deploy.0 = Debug|x64
		{408B4109-BD2A-4E7C-8C4D-C7EEDFF203FB}.Debug|x86.ActiveCfg = Debug|x86
		{408B4109-BD2A-4E7C-8C4D-C7EEDFF203FB}.Debug|x86.Build.0 = Debug|x86
		{408B4109-BD2A-4E7C-8C4D-C7EEDFF203FB}.Debug|x86.Deploy.0 = Debug|x86
		{408B4109-BD2A-4E7C-8C4D-C7EEDFF203FB}.Release|Any CPU.ActiveCfg = Release|x86
		{408B4109-BD2A-4E7C-8C4D-C7EEDFF203FB}.Release|ARM.ActiveCfg = Release|ARM
		{408B4109-BD2A-4E7C-8C4D-C7EEDFF203FB}.Release|ARM.Build.0 = Release|ARM
		{408B4109-BD2A-4E7C-8C4D-C7EEDFF203FB}.Release|ARM.Deploy.0 = Release|ARM
		{408B4109-BD2A-4E7C-8C4D-C7EEDFF203FB}.Release|iPhone.ActiveCfg = Release|x86
		{408B4109-BD2A-4E7C-8C4D-C7EEDFF203FB}.Release|iPhoneSimulator.ActiveCfg = Release|x86
		{408B4109-BD2A-4E7C-8C4D-C7EEDFF203FB}.Release|x64.ActiveCfg = Release|x64
		{408B4109-BD2A-4E7C-8C4D-C7EEDFF203FB}.Release|x64.Build.0 = Release|x64
		{408B4109-BD2A-4E7C-8C4D-C7EEDFF203FB}.Release|x64.Deploy.0 = Release|x64
		{408B4109-BD2A-4E7C-8C4D-C7EEDFF203FB}.Release|x86.ActiveCfg = Release|x86
		{408B4109-BD2A-4E7C-8C4D-C7EEDFF203FB}.Release|x86.Build.0 = Release|x86
		{408B4109-BD2A-4E7C-8C4D-C7EEDFF203FB}.Release|x86.Deploy.0 = Release|x86
		{F417021D-B9D7-4DEE-92E4-6297B644039A}.Ad-Hoc|Any CPU.ActiveCfg = Release|Any CPU
		{F417021D-B9D7-4DEE-92E4-6297B644039A}.Ad-Hoc|Any CPU.Build.0 = Release|Any CPU
		{F417021D-B9D7-4DEE-92E4-6297B644039A}.Ad-Hoc|ARM.ActiveCfg = Release|Any CPU
		{F417021D-B9D7-4DEE-92E4-6297B644039A}.Ad-Hoc|ARM.Build.0 = Release|Any CPU
		{F417021D-B9D7-4DEE-92E4-6297B644039A}.Ad-Hoc|iPhone.ActiveCfg = Release|Any CPU
		{F417021D-B9D7-4DEE-92E4-6297B644039A}.Ad-Hoc|iPhone.Build.0 = Release|Any CPU
		{F417021D-B9D7-4DEE-92E4-6297B644039A}.Ad-Hoc|iPhoneSimulator.ActiveCfg = Release|Any CPU
		{F417021D-B9D7-4DEE-92E4-6297B644039A}.Ad-Hoc|iPhoneSimulator.Build.0 = Release|Any CPU
		{F417021D-B9D7-4DEE-92E4-6297B644039A}.Ad-Hoc|x64.ActiveCfg = Release|Any CPU
		{F417021D-B9D7-4DEE-92E4-6297B644039A}.Ad-Hoc|x64.Build.0 = Release|Any CPU
		{F417021D-B9D7-4DEE-92E4-6297B644039A}.Ad-Hoc|x86.ActiveCfg = Release|Any CPU
		{F417021D-B9D7-4DEE-92E4-6297B644039A}.Ad-Hoc|x86.Build.0 = Release|Any CPU
		{F417021D-B9D7-4DEE-92E4-6297B644039A}.AppStore|Any CPU.ActiveCfg = Release|Any CPU
		{F417021D-B9D7-4DEE-92E4-6297B644039A}.AppStore|Any CPU.Build.0 = Release|Any CPU
		{F417021D-B9D7-4DEE-92E4-6297B644039A}.AppStore|ARM.ActiveCfg = Release|Any CPU
		{F417021D-B9D7-4DEE-92E4-6297B644039A}.AppStore|ARM.Build.0 = Release|Any CPU
		{F417021D-B9D7-4DEE-92E4-6297B644039A}.AppStore|iPhone.ActiveCfg = Release|Any CPU
		{F417021D-B9D7-4DEE-92E4-6297B644039A}.AppStore|iPhone.Build.0 = Release|Any CPU
		{F417021D-B9D7-4DEE-92E4-6297B644039A}.AppStore|iPhoneSimulator.ActiveCfg = Release|Any CPU
		{F417021D-B9D7-4DEE-92E4-6297B644039A}.AppStore|iPhoneSimulator.Build.0 = Release|Any CPU
		{F417021D-B9D7-4DEE-92E4-6297B644039A}.AppStore|x64.ActiveCfg = Release|Any CPU
		{F417021D-B9D7-4DEE-92E4-6297B644039A}.AppStore|x64.Build.0 = Release|Any CPU
		{F417021D-B9D7-4DEE-92E4-6297B644039A}.AppStore|x86.ActiveCfg = Release|Any CPU
		{F417021D-B9D7-4DEE-92E4-6297B644039A}.AppStore|x86.Build.0 = Release|Any CPU
		{F417021D-B9D7-4DEE-92E4-6297B644039A}.Debug|Any CPU.ActiveCfg = Debug|Any CPU
		{F417021D-B9D7-4DEE-92E4-6297B644039A}.Debug|Any CPU.Build.0 = Debug|Any CPU
		{F417021D-B9D7-4DEE-92E4-6297B644039A}.Debug|ARM.ActiveCfg = Debug|Any CPU
		{F417021D-B9D7-4DEE-92E4-6297B644039A}.Debug|ARM.Build.0 = Debug|Any CPU
		{F417021D-B9D7-4DEE-92E4-6297B644039A}.Debug|iPhone.ActiveCfg = Debug|Any CPU
		{F417021D-B9D7-4DEE-92E4-6297B644039A}.Debug|iPhone.Build.0 = Debug|Any CPU
		{F417021D-B9D7-4DEE-92E4-6297B644039A}.Debug|iPhoneSimulator.ActiveCfg = Debug|Any CPU
		{F417021D-B9D7-4DEE-92E4-6297B644039A}.Debug|iPhoneSimulator.Build.0 = Debug|Any CPU
		{F417021D-B9D7-4DEE-92E4-6297B644039A}.Debug|x64.ActiveCfg = Debug|Any CPU
		{F417021D-B9D7-4DEE-92E4-6297B644039A}.Debug|x64.Build.0 = Debug|Any CPU
		{F417021D-B9D7-4DEE-92E4-6297B644039A}.Debug|x86.ActiveCfg = Debug|Any CPU
		{F417021D-B9D7-4DEE-92E4-6297B644039A}.Debug|x86.Build.0 = Debug|Any CPU
		{F417021D-B9D7-4DEE-92E4-6297B644039A}.Release|Any CPU.ActiveCfg = Release|Any CPU
		{F417021D-B9D7-4DEE-92E4-6297B644039A}.Release|Any CPU.Build.0 = Release|Any CPU
		{F417021D-B9D7-4DEE-92E4-6297B644039A}.Release|ARM.ActiveCfg = Release|Any CPU
		{F417021D-B9D7-4DEE-92E4-6297B644039A}.Release|ARM.Build.0 = Release|Any CPU
		{F417021D-B9D7-4DEE-92E4-6297B644039A}.Release|iPhone.ActiveCfg = Release|Any CPU
		{F417021D-B9D7-4DEE-92E4-6297B644039A}.Release|iPhone.Build.0 = Release|Any CPU
		{F417021D-B9D7-4DEE-92E4-6297B644039A}.Release|iPhoneSimulator.ActiveCfg = Release|Any CPU
		{F417021D-B9D7-4DEE-92E4-6297B644039A}.Release|iPhoneSimulator.Build.0 = Release|Any CPU
		{F417021D-B9D7-4DEE-92E4-6297B644039A}.Release|x64.ActiveCfg = Release|Any CPU
		{F417021D-B9D7-4DEE-92E4-6297B644039A}.Release|x64.Build.0 = Release|Any CPU
		{F417021D-B9D7-4DEE-92E4-6297B644039A}.Release|x86.ActiveCfg = Release|Any CPU
		{F417021D-B9D7-4DEE-92E4-6297B644039A}.Release|x86.Build.0 = Release|Any CPU
	EndGlobalSection
	GlobalSection(SolutionProperties) = preSolution
		HideSolutionNode = FALSE
	EndGlobalSection
	GlobalSection(NestedProjects) = preSolution
		{8B5187C9-EBFA-448A-B2D5-48D31AE50150} = {AAC1B13A-A20D-4697-8713-1987EBFC070A}
		{6220ABDE-30D7-459C-BFEB-9C8AC2214BF2} = {AAC1B13A-A20D-4697-8713-1987EBFC070A}
		{124251EE-564B-4D79-8FE5-D6C0B85474E0} = {AAC1B13A-A20D-4697-8713-1987EBFC070A}
		{408B4109-BD2A-4E7C-8C4D-C7EEDFF203FB} = {AAC1B13A-A20D-4697-8713-1987EBFC070A}
		{F417021D-B9D7-4DEE-92E4-6297B644039A} = {6DFD8834-F8F8-4257-88A4-BE2242286A0B}
	EndGlobalSection
EndGlobal
